
Microsoft Visual Studio Solution File, Format Version 10.00
# Visual Studio 2008
Project("{8BC9CEB8-8B4A-11D0-8D11-00A0C91BC942}") = "ClockerPlugIn", "ClockerPlugIn\ClockerPlugIn.vcproj", "{DC2818FA-4B7B-4EE7-8E2B-31AA488B3EB5}"
	ProjectSection(ProjectDependencies) = postProject
		{6407D1BA-0C4D-4903-8BE8-728547FE1BBE} = {6407D1BA-0C4D-4903-8BE8-728547FE1BBE}
	EndProjectSection
EndProject
Project("{8BC9CEB8-8B4A-11D0-8D11-00A0C91BC942}") = "CppUnitTestMain", "cppunittest\CppUnitTestMain.vcproj", "{9AE80CDE-809B-4D04-8E6E-8061843D748B}"
	ProjectSection(ProjectDependencies) = postProject
		{9E6FC828-023C-4776-9EF1-6FEB45B88BF4} = {9E6FC828-023C-4776-9EF1-6FEB45B88BF4}
		{6407D1BA-0C4D-4903-8BE8-728547FE1BBE} = {6407D1BA-0C4D-4903-8BE8-728547FE1BBE}
	EndProjectSection
EndProject
Project("{8BC9CEB8-8B4A-11D0-8D11-00A0C91BC942}") = "CppUnitTestPlugIn", "cppunittest\CppUnitTestPlugIn.vcproj", "{4B7E48D0-5FB6-4587-8631-F157F2388DEA}"
	ProjectSection(ProjectDependencies) = postProject
		{6407D1BA-0C4D-4903-8BE8-728547FE1BBE} = {6407D1BA-0C4D-4903-8BE8-728547FE1BBE}
	EndProjectSection
EndProject
Project("{8BC9CEB8-8B4A-11D0-8D11-00A0C91BC942}") = "DllPlugInTester", "..\src\DllPlugInTester\DllPlugInTester.vcproj", "{831B69EA-539C-4DCC-A9E0-25D717636A16}"
	ProjectSection(ProjectDependencies) = postProject
		{6407D1BA-0C4D-4903-8BE8-728547FE1BBE} = {6407D1BA-0C4D-4903-8BE8-728547FE1BBE}
	EndProjectSection
EndProject
Project("{8BC9CEB8-8B4A-11D0-8D11-00A0C91BC942}") = "DllPlugInTesterTest", "..\src\DllPlugInTester\DllPlugInTesterTest.vcproj", "{E05AAA6F-C45D-45E6-837A-01687A0C0903}"
EndProject
Project("{8BC9CEB8-8B4A-11D0-8D11-00A0C91BC942}") = "DumperPlugIn", "DumperPlugIn\DumperPlugIn.vcproj", "{D2A913B4-0257-453F-8519-75E1DF33F76B}"
	ProjectSection(ProjectDependencies) = postProject
		{6407D1BA-0C4D-4903-8BE8-728547FE1BBE} = {6407D1BA-0C4D-4903-8BE8-728547FE1BBE}
	EndProjectSection
EndProject
Project("{8BC9CEB8-8B4A-11D0-8D11-00A0C91BC942}") = "cppunit", "..\src\cppunit\cppunit.vcproj", "{9E6FC828-023C-4776-9EF1-6FEB45B88BF4}"
EndProject
Project("{8BC9CEB8-8B4A-11D0-8D11-00A0C91BC942}") = "cppunit_dll", "..\src\cppunit\cppunit_dll.vcproj", "{6407D1BA-0C4D-4903-8BE8-728547FE1BBE}"
EndProject
Project("{8BC9CEB8-8B4A-11D0-8D11-00A0C91BC942}") = "hierarchy", "hierarchy\hierarchy.vcproj", "{41BD2F8C-3810-4C31-B7A5-6B33FFF3ED01}"
	ProjectSection(ProjectDependencies) = postProject
		{9E6FC828-023C-4776-9EF1-6FEB45B88BF4} = {9E6FC828-023C-4776-9EF1-6FEB45B88BF4}
	EndProjectSection
EndProject
Project("{8BC9CEB8-8B4A-11D0-8D11-00A0C91BC942}") = "money", "money\money.vcproj", "{857ECDC1-47DF-40F5-AC08-53F936D1A3A3}"
	ProjectSection(ProjectDependencies) = postProject
		{9E6FC828-023C-4776-9EF1-6FEB45B88BF4} = {9E6FC828-023C-4776-9EF1-6FEB45B88BF4}
	EndProjectSection
EndProject
Project("{8BC9CEB8-8B4A-11D0-8D11-00A0C91BC942}") = "simple", "simple\simple.vcproj", "{D1074F87-739A-4990-8D7A-29CE3D07E6EB}"
	ProjectSection(ProjectDependencies) = postProject
		{9E6FC828-023C-4776-9EF1-6FEB45B88BF4} = {9E6FC828-023C-4776-9EF1-6FEB45B88BF4}
	EndProjectSection
EndProject
Project("{8BC9CEB8-8B4A-11D0-8D11-00A0C91BC942}") = "simple_plugin", "SIMPLE\simple_plugin.vcproj", "{71F48C20-FDD7-437F-983C-8C4606D14D59}"
	ProjectSection(ProjectDependencies) = postProject
		{6407D1BA-0C4D-4903-8BE8-728547FE1BBE} = {6407D1BA-0C4D-4903-8BE8-728547FE1BBE}
		{831B69EA-539C-4DCC-A9E0-25D717636A16} = {831B69EA-539C-4DCC-A9E0-25D717636A16}
	EndProjectSection
EndProject
Global
	GlobalSection(SolutionConfigurationPlatforms) = preSolution
		Debug DLL|Win32 = Debug DLL|Win32
		Debug No Type Info Name|Win32 = Debug No Type Info Name|Win32
		Debug NtTimer|Win32 = Debug NtTimer|Win32
		Debug Static|Win32 = Debug Static|Win32
		Debug Unicode|Win32 = Debug Unicode|Win32
		Debug|Win32 = Debug|Win32
		Release DLL|Win32 = Release DLL|Win32
		Release Static|Win32 = Release Static|Win32
		Release Unicode|Win32 = Release Unicode|Win32
		Release|Win32 = Release|Win32
	EndGlobalSection
	GlobalSection(ProjectConfigurationPlatforms) = postSolution
		{DC2818FA-4B7B-4EE7-8E2B-31AA488B3EB5}.Debug DLL|Win32.ActiveCfg = Debug|Win32
		{DC2818FA-4B7B-4EE7-8E2B-31AA488B3EB5}.Debug DLL|Win32.Build.0 = Debug|Win32
		{DC2818FA-4B7B-4EE7-8E2B-31AA488B3EB5}.Debug No Type Info Name|Win32.ActiveCfg = Debug NtTimer|Win32
		{DC2818FA-4B7B-4EE7-8E2B-31AA488B3EB5}.Debug No Type Info Name|Win32.Build.0 = Debug NtTimer|Win32
		{DC2818FA-4B7B-4EE7-8E2B-31AA488B3EB5}.Debug NtTimer|Win32.ActiveCfg = Debug NtTimer|Win32
		{DC2818FA-4B7B-4EE7-8E2B-31AA488B3EB5}.Debug NtTimer|Win32.Build.0 = Debug NtTimer|Win32
		{DC2818FA-4B7B-4EE7-8E2B-31AA488B3EB5}.Debug Static|Win32.ActiveCfg = Debug NtTimer|Win32
		{DC2818FA-4B7B-4EE7-8E2B-31AA488B3EB5}.Debug Static|Win32.Build.0 = Debug NtTimer|Win32
		{DC2818FA-4B7B-4EE7-8E2B-31AA488B3EB5}.Debug Unicode|Win32.ActiveCfg = Debug NtTimer|Win32
		{DC2818FA-4B7B-4EE7-8E2B-31AA488B3EB5}.Debug Unicode|Win32.Build.0 = Debug NtTimer|Win32
		{DC2818FA-4B7B-4EE7-8E2B-31AA488B3EB5}.Debug|Win32.ActiveCfg = Debug|Win32
		{DC2818FA-4B7B-4EE7-8E2B-31AA488B3EB5}.Debug|Win32.Build.0 = Debug|Win32
		{DC2818FA-4B7B-4EE7-8E2B-31AA488B3EB5}.Release DLL|Win32.ActiveCfg = Release|Win32
		{DC2818FA-4B7B-4EE7-8E2B-31AA488B3EB5}.Release DLL|Win32.Build.0 = Release|Win32
		{DC2818FA-4B7B-4EE7-8E2B-31AA488B3EB5}.Release Static|Win32.ActiveCfg = Release|Win32
		{DC2818FA-4B7B-4EE7-8E2B-31AA488B3EB5}.Release Static|Win32.Build.0 = Release|Win32
		{DC2818FA-4B7B-4EE7-8E2B-31AA488B3EB5}.Release Unicode|Win32.ActiveCfg = Release|Win32
		{DC2818FA-4B7B-4EE7-8E2B-31AA488B3EB5}.Release Unicode|Win32.Build.0 = Release|Win32
		{DC2818FA-4B7B-4EE7-8E2B-31AA488B3EB5}.Release|Win32.ActiveCfg = Release|Win32
		{DC2818FA-4B7B-4EE7-8E2B-31AA488B3EB5}.Release|Win32.Build.0 = Release|Win32
		{9D36E4E1-3CC7-4218-B334-695A3DBFAD79}.Debug DLL|Win32.ActiveCfg = Debug|Win32
		{9D36E4E1-3CC7-4218-B334-695A3DBFAD79}.Debug DLL|Win32.Build.0 = Debug|Win32
		{9D36E4E1-3CC7-4218-B334-695A3DBFAD79}.Debug No Type Info Name|Win32.ActiveCfg = Debug|Win32
		{9D36E4E1-3CC7-4218-B334-695A3DBFAD79}.Debug No Type Info Name|Win32.Build.0 = Debug|Win32
		{9D36E4E1-3CC7-4218-B334-695A3DBFAD79}.Debug NtTimer|Win32.ActiveCfg = Debug|Win32
		{9D36E4E1-3CC7-4218-B334-695A3DBFAD79}.Debug NtTimer|Win32.Build.0 = Debug|Win32
		{9D36E4E1-3CC7-4218-B334-695A3DBFAD79}.Debug Static|Win32.ActiveCfg = Debug|Win32
		{9D36E4E1-3CC7-4218-B334-695A3DBFAD79}.Debug Static|Win32.Build.0 = Debug|Win32
		{9D36E4E1-3CC7-4218-B334-695A3DBFAD79}.Debug Unicode|Win32.ActiveCfg = Debug|Win32
		{9D36E4E1-3CC7-4218-B334-695A3DBFAD79}.Debug Unicode|Win32.Build.0 = Debug|Win32
		{9D36E4E1-3CC7-4218-B334-695A3DBFAD79}.Debug|Win32.ActiveCfg = Debug|Win32
		{9D36E4E1-3CC7-4218-B334-695A3DBFAD79}.Debug|Win32.Build.0 = Debug|Win32
		{9D36E4E1-3CC7-4218-B334-695A3DBFAD79}.Release DLL|Win32.ActiveCfg = Release|Win32
		{9D36E4E1-3CC7-4218-B334-695A3DBFAD79}.Release DLL|Win32.Build.0 = Release|Win32
		{9D36E4E1-3CC7-4218-B334-695A3DBFAD79}.Release Static|Win32.ActiveCfg = Release|Win32
		{9D36E4E1-3CC7-4218-B334-695A3DBFAD79}.Release Static|Win32.Build.0 = Release|Win32
		{9D36E4E1-3CC7-4218-B334-695A3DBFAD79}.Release Unicode|Win32.ActiveCfg = Release|Win32
		{9D36E4E1-3CC7-4218-B334-695A3DBFAD79}.Release Unicode|Win32.Build.0 = Release|Win32
		{9D36E4E1-3CC7-4218-B334-695A3DBFAD79}.Release|Win32.ActiveCfg = Release|Win32
		{9D36E4E1-3CC7-4218-B334-695A3DBFAD79}.Release|Win32.Build.0 = Release|Win32
		{9AE80CDE-809B-4D04-8E6E-8061843D748B}.Debug DLL|Win32.ActiveCfg = Debug DLL|Win32
		{9AE80CDE-809B-4D04-8E6E-8061843D748B}.Debug DLL|Win32.Build.0 = Debug DLL|Win32
		{9AE80CDE-809B-4D04-8E6E-8061843D748B}.Debug No Type Info Name|Win32.ActiveCfg = Debug DLL|Win32
		{9AE80CDE-809B-4D04-8E6E-8061843D748B}.Debug No Type Info Name|Win32.Build.0 = Debug DLL|Win32
		{9AE80CDE-809B-4D04-8E6E-8061843D748B}.Debug NtTimer|Win32.ActiveCfg = Debug DLL|Win32
		{9AE80CDE-809B-4D04-8E6E-8061843D748B}.Debug NtTimer|Win32.Build.0 = Debug DLL|Win32
		{9AE80CDE-809B-4D04-8E6E-8061843D748B}.Debug Static|Win32.ActiveCfg = Debug DLL|Win32
		{9AE80CDE-809B-4D04-8E6E-8061843D748B}.Debug Static|Win32.Build.0 = Debug DLL|Win32
		{9AE80CDE-809B-4D04-8E6E-8061843D748B}.Debug Unicode|Win32.ActiveCfg = Debug DLL|Win32
		{9AE80CDE-809B-4D04-8E6E-8061843D748B}.Debug Unicode|Win32.Build.0 = Debug DLL|Win32
		{9AE80CDE-809B-4D04-8E6E-8061843D748B}.Debug|Win32.ActiveCfg = Debug|Win32
		{9AE80CDE-809B-4D04-8E6E-8061843D748B}.Debug|Win32.Build.0 = Debug|Win32
		{9AE80CDE-809B-4D04-8E6E-8061843D748B}.Release DLL|Win32.ActiveCfg = Release DLL|Win32
		{9AE80CDE-809B-4D04-8E6E-8061843D748B}.Release DLL|Win32.Build.0 = Release DLL|Win32
		{9AE80CDE-809B-4D04-8E6E-8061843D748B}.Release Static|Win32.ActiveCfg = Release DLL|Win32
		{9AE80CDE-809B-4D04-8E6E-8061843D748B}.Release Static|Win32.Build.0 = Release DLL|Win32
		{9AE80CDE-809B-4D04-8E6E-8061843D748B}.Release Unicode|Win32.ActiveCfg = Release DLL|Win32
		{9AE80CDE-809B-4D04-8E6E-8061843D748B}.Release Unicode|Win32.Build.0 = Release DLL|Win32
		{9AE80CDE-809B-4D04-8E6E-8061843D748B}.Release|Win32.ActiveCfg = Release|Win32
		{9AE80CDE-809B-4D04-8E6E-8061843D748B}.Release|Win32.Build.0 = Release|Win32
		{4B7E48D0-5FB6-4587-8631-F157F2388DEA}.Debug DLL|Win32.ActiveCfg = Debug|Win32
		{4B7E48D0-5FB6-4587-8631-F157F2388DEA}.Debug DLL|Win32.Build.0 = Debug|Win32
		{4B7E48D0-5FB6-4587-8631-F157F2388DEA}.Debug No Type Info Name|Win32.ActiveCfg = Debug|Win32
		{4B7E48D0-5FB6-4587-8631-F157F2388DEA}.Debug No Type Info Name|Win32.Build.0 = Debug|Win32
		{4B7E48D0-5FB6-4587-8631-F157F2388DEA}.Debug NtTimer|Win32.ActiveCfg = Debug|Win32
		{4B7E48D0-5FB6-4587-8631-F157F2388DEA}.Debug NtTimer|Win32.Build.0 = Debug|Win32
		{4B7E48D0-5FB6-4587-8631-F157F2388DEA}.Debug Static|Win32.ActiveCfg = Debug|Win32
		{4B7E48D0-5FB6-4587-8631-F157F2388DEA}.Debug Static|Win32.Build.0 = Debug|Win32
		{4B7E48D0-5FB6-4587-8631-F157F2388DEA}.Debug Unicode|Win32.ActiveCfg = Debug|Win32
		{4B7E48D0-5FB6-4587-8631-F157F2388DEA}.Debug Unicode|Win32.Build.0 = Debug|Win32
		{4B7E48D0-5FB6-4587-8631-F157F2388DEA}.Debug|Win32.ActiveCfg = Debug|Win32
		{4B7E48D0-5FB6-4587-8631-F157F2388DEA}.Debug|Win32.Build.0 = Debug|Win32
		{4B7E48D0-5FB6-4587-8631-F157F2388DEA}.Release DLL|Win32.ActiveCfg = Release|Win32
		{4B7E48D0-5FB6-4587-8631-F157F2388DEA}.Release DLL|Win32.Build.0 = Release|Win32
		{4B7E48D0-5FB6-4587-8631-F157F2388DEA}.Release Static|Win32.ActiveCfg = Release|Win32
		{4B7E48D0-5FB6-4587-8631-F157F2388DEA}.Release Static|Win32.Build.0 = Release|Win32
		{4B7E48D0-5FB6-4587-8631-F157F2388DEA}.Release Unicode|Win32.ActiveCfg = Release|Win32
		{4B7E48D0-5FB6-4587-8631-F157F2388DEA}.Release Unicode|Win32.Build.0 = Release|Win32
		{4B7E48D0-5FB6-4587-8631-F157F2388DEA}.Release|Win32.ActiveCfg = Release|Win32
		{4B7E48D0-5FB6-4587-8631-F157F2388DEA}.Release|Win32.Build.0 = Release|Win32
		{831B69EA-539C-4DCC-A9E0-25D717636A16}.Debug DLL|Win32.ActiveCfg = Debug|Win32
		{831B69EA-539C-4DCC-A9E0-25D717636A16}.Debug DLL|Win32.Build.0 = Debug|Win32
		{831B69EA-539C-4DCC-A9E0-25D717636A16}.Debug No Type Info Name|Win32.ActiveCfg = Debug Unicode|Win32
		{831B69EA-539C-4DCC-A9E0-25D717636A16}.Debug No Type Info Name|Win32.Build.0 = Debug Unicode|Win32
		{831B69EA-539C-4DCC-A9E0-25D717636A16}.Debug NtTimer|Win32.ActiveCfg = Debug Unicode|Win32
		{831B69EA-539C-4DCC-A9E0-25D717636A16}.Debug NtTimer|Win32.Build.0 = Debug Unicode|Win32
		{831B69EA-539C-4DCC-A9E0-25D717636A16}.Debug Static|Win32.ActiveCfg = Debug Static|Win32
		{831B69EA-539C-4DCC-A9E0-25D717636A16}.Debug Static|Win32.Build.0 = Debug Static|Win32
		{831B69EA-539C-4DCC-A9E0-25D717636A16}.Debug Unicode|Win32.ActiveCfg = Debug Unicode|Win32
		{831B69EA-539C-4DCC-A9E0-25D717636A16}.Debug Unicode|Win32.Build.0 = Debug Unicode|Win32
		{831B69EA-539C-4DCC-A9E0-25D717636A16}.Debug|Win32.ActiveCfg = Debug|Win32
		{831B69EA-539C-4DCC-A9E0-25D717636A16}.Debug|Win32.Build.0 = Debug|Win32
		{831B69EA-539C-4DCC-A9E0-25D717636A16}.Release DLL|Win32.ActiveCfg = Release Static|Win32
		{831B69EA-539C-4DCC-A9E0-25D717636A16}.Release DLL|Win32.Build.0 = Release Static|Win32
		{831B69EA-539C-4DCC-A9E0-25D717636A16}.Release Static|Win32.ActiveCfg = Release Static|Win32
		{831B69EA-539C-4DCC-A9E0-25D717636A16}.Release Static|Win32.Build.0 = Release Static|Win32
		{831B69EA-539C-4DCC-A9E0-25D717636A16}.Release Unicode|Win32.ActiveCfg = Release Unicode|Win32
		{831B69EA-539C-4DCC-A9E0-25D717636A16}.Release Unicode|Win32.Build.0 = Release Unicode|Win32
		{831B69EA-539C-4DCC-A9E0-25D717636A16}.Release|Win32.ActiveCfg = Release|Win32
		{831B69EA-539C-4DCC-A9E0-25D717636A16}.Release|Win32.Build.0 = Release|Win32
		{E05AAA6F-C45D-45E6-837A-01687A0C0903}.Debug DLL|Win32.ActiveCfg = Debug|Win32
		{E05AAA6F-C45D-45E6-837A-01687A0C0903}.Debug DLL|Win32.Build.0 = Debug|Win32
		{E05AAA6F-C45D-45E6-837A-01687A0C0903}.Debug No Type Info Name|Win32.ActiveCfg = Debug|Win32
		{E05AAA6F-C45D-45E6-837A-01687A0C0903}.Debug No Type Info Name|Win32.Build.0 = Debug|Win32
		{E05AAA6F-C45D-45E6-837A-01687A0C0903}.Debug NtTimer|Win32.ActiveCfg = Debug|Win32
		{E05AAA6F-C45D-45E6-837A-01687A0C0903}.Debug NtTimer|Win32.Build.0 = Debug|Win32
		{E05AAA6F-C45D-45E6-837A-01687A0C0903}.Debug Static|Win32.ActiveCfg = Debug|Win32
		{E05AAA6F-C45D-45E6-837A-01687A0C0903}.Debug Static|Win32.Build.0 = Debug|Win32
		{E05AAA6F-C45D-45E6-837A-01687A0C0903}.Debug Unicode|Win32.ActiveCfg = Debug|Win32
		{E05AAA6F-C45D-45E6-837A-01687A0C0903}.Debug Unicode|Win32.Build.0 = Debug|Win32
		{E05AAA6F-C45D-45E6-837A-01687A0C0903}.Debug|Win32.ActiveCfg = Debug|Win32
		{E05AAA6F-C45D-45E6-837A-01687A0C0903}.Debug|Win32.Build.0 = Debug|Win32
		{E05AAA6F-C45D-45E6-837A-01687A0C0903}.Release DLL|Win32.ActiveCfg = Release|Win32
		{E05AAA6F-C45D-45E6-837A-01687A0C0903}.Release DLL|Win32.Build.0 = Release|Win32
		{E05AAA6F-C45D-45E6-837A-01687A0C0903}.Release Static|Win32.ActiveCfg = Release|Win32
		{E05AAA6F-C45D-45E6-837A-01687A0C0903}.Release Static|Win32.Build.0 = Release|Win32
		{E05AAA6F-C45D-45E6-837A-01687A0C0903}.Release Unicode|Win32.ActiveCfg = Release|Win32
		{E05AAA6F-C45D-45E6-837A-01687A0C0903}.Release Unicode|Win32.Build.0 = Release|Win32
		{E05AAA6F-C45D-45E6-837A-01687A0C0903}.Release|Win32.ActiveCfg = Release|Win32
		{E05AAA6F-C45D-45E6-837A-01687A0C0903}.Release|Win32.Build.0 = Release|Win32
		{D2A913B4-0257-453F-8519-75E1DF33F76B}.Debug DLL|Win32.ActiveCfg = Debug|Win32
		{D2A913B4-0257-453F-8519-75E1DF33F76B}.Debug DLL|Win32.Build.0 = Debug|Win32
		{D2A913B4-0257-453F-8519-75E1DF33F76B}.Debug No Type Info Name|Win32.ActiveCfg = Debug|Win32
		{D2A913B4-0257-453F-8519-75E1DF33F76B}.Debug No Type Info Name|Win32.Build.0 = Debug|Win32
		{D2A913B4-0257-453F-8519-75E1DF33F76B}.Debug NtTimer|Win32.ActiveCfg = Debug|Win32
		{D2A913B4-0257-453F-8519-75E1DF33F76B}.Debug NtTimer|Win32.Build.0 = Debug|Win32
		{D2A913B4-0257-453F-8519-75E1DF33F76B}.Debug Static|Win32.ActiveCfg = Debug|Win32
		{D2A913B4-0257-453F-8519-75E1DF33F76B}.Debug Static|Win32.Build.0 = Debug|Win32
		{D2A913B4-0257-453F-8519-75E1DF33F76B}.Debug Unicode|Win32.ActiveCfg = Debug|Win32
		{D2A913B4-0257-453F-8519-75E1DF33F76B}.Debug Unicode|Win32.Build.0 = Debug|Win32
		{D2A913B4-0257-453F-8519-75E1DF33F76B}.Debug|Win32.ActiveCfg = Debug|Win32
		{D2A913B4-0257-453F-8519-75E1DF33F76B}.Debug|Win32.Build.0 = Debug|Win32
		{D2A913B4-0257-453F-8519-75E1DF33F76B}.Release DLL|Win32.ActiveCfg = Release|Win32
		{D2A913B4-0257-453F-8519-75E1DF33F76B}.Release DLL|Win32.Build.0 = Release|Win32
		{D2A913B4-0257-453F-8519-75E1DF33F76B}.Release Static|Win32.ActiveCfg = Release|Win32
		{D2A913B4-0257-453F-8519-75E1DF33F76B}.Release Static|Win32.Build.0 = Release|Win32
		{D2A913B4-0257-453F-8519-75E1DF33F76B}.Release Unicode|Win32.ActiveCfg = Release|Win32
		{D2A913B4-0257-453F-8519-75E1DF33F76B}.Release Unicode|Win32.Build.0 = Release|Win32
		{D2A913B4-0257-453F-8519-75E1DF33F76B}.Release|Win32.ActiveCfg = Release|Win32
		{D2A913B4-0257-453F-8519-75E1DF33F76B}.Release|Win32.Build.0 = Release|Win32
		{0A850126-8FDC-46A2-B977-16D296BA9363}.Debug DLL|Win32.ActiveCfg = Debug|Win32
		{0A850126-8FDC-46A2-B977-16D296BA9363}.Debug DLL|Win32.Build.0 = Debug|Win32
		{0A850126-8FDC-46A2-B977-16D296BA9363}.Debug No Type Info Name|Win32.ActiveCfg = Debug No Type Info Name|Win32
		{0A850126-8FDC-46A2-B977-16D296BA9363}.Debug No Type Info Name|Win32.Build.0 = Debug No Type Info Name|Win32
		{0A850126-8FDC-46A2-B977-16D296BA9363}.Debug NtTimer|Win32.ActiveCfg = Debug No Type Info Name|Win32
		{0A850126-8FDC-46A2-B977-16D296BA9363}.Debug NtTimer|Win32.Build.0 = Debug No Type Info Name|Win32
		{0A850126-8FDC-46A2-B977-16D296BA9363}.Debug Static|Win32.ActiveCfg = Debug No Type Info Name|Win32
		{0A850126-8FDC-46A2-B977-16D296BA9363}.Debug Static|Win32.Build.0 = Debug No Type Info Name|Win32
		{0A850126-8FDC-46A2-B977-16D296BA9363}.Debug Unicode|Win32.ActiveCfg = Debug Unicode|Win32
		{0A850126-8FDC-46A2-B977-16D296BA9363}.Debug Unicode|Win32.Build.0 = Debug Unicode|Win32
		{0A850126-8FDC-46A2-B977-16D296BA9363}.Debug|Win32.ActiveCfg = Debug|Win32
		{0A850126-8FDC-46A2-B977-16D296BA9363}.Debug|Win32.Build.0 = Debug|Win32
		{0A850126-8FDC-46A2-B977-16D296BA9363}.Release DLL|Win32.ActiveCfg = Release Unicode|Win32
		{0A850126-8FDC-46A2-B977-16D296BA9363}.Release DLL|Win32.Build.0 = Release Unicode|Win32
		{0A850126-8FDC-46A2-B977-16D296BA9363}.Release Static|Win32.ActiveCfg = Release Unicode|Win32
		{0A850126-8FDC-46A2-B977-16D296BA9363}.Release Static|Win32.Build.0 = Release Unicode|Win32
		{0A850126-8FDC-46A2-B977-16D296BA9363}.Release Unicode|Win32.ActiveCfg = Release Unicode|Win32
		{0A850126-8FDC-46A2-B977-16D296BA9363}.Release Unicode|Win32.Build.0 = Release Unicode|Win32
		{0A850126-8FDC-46A2-B977-16D296BA9363}.Release|Win32.ActiveCfg = Release|Win32
		{0A850126-8FDC-46A2-B977-16D296BA9363}.Release|Win32.Build.0 = Release|Win32
		{8982E220-3042-4D5F-AD17-02DB61FC90B7}.Debug DLL|Win32.ActiveCfg = Debug|Win32
		{8982E220-3042-4D5F-AD17-02DB61FC90B7}.Debug DLL|Win32.Build.0 = Debug|Win32
		{8982E220-3042-4D5F-AD17-02DB61FC90B7}.Debug No Type Info Name|Win32.ActiveCfg = Debug|Win32
		{8982E220-3042-4D5F-AD17-02DB61FC90B7}.Debug No Type Info Name|Win32.Build.0 = Debug|Win32
		{8982E220-3042-4D5F-AD17-02DB61FC90B7}.Debug NtTimer|Win32.ActiveCfg = Debug|Win32
		{8982E220-3042-4D5F-AD17-02DB61FC90B7}.Debug NtTimer|Win32.Build.0 = Debug|Win32
		{8982E220-3042-4D5F-AD17-02DB61FC90B7}.Debug Static|Win32.ActiveCfg = Debug|Win32
		{8982E220-3042-4D5F-AD17-02DB61FC90B7}.Debug Static|Win32.Build.0 = Debug|Win32
		{8982E220-3042-4D5F-AD17-02DB61FC90B7}.Debug Unicode|Win32.ActiveCfg = Debug|Win32
		{8982E220-3042-4D5F-AD17-02DB61FC90B7}.Debug Unicode|Win32.Build.0 = Debug|Win32
		{8982E220-3042-4D5F-AD17-02DB61FC90B7}.Debug|Win32.ActiveCfg = Debug|Win32
		{8982E220-3042-4D5F-AD17-02DB61FC90B7}.Debug|Win32.Build.0 = Debug|Win32
		{8982E220-3042-4D5F-AD17-02DB61FC90B7}.Release DLL|Win32.ActiveCfg = Release|Win32
		{8982E220-3042-4D5F-AD17-02DB61FC90B7}.Release DLL|Win32.Build.0 = Release|Win32
		{8982E220-3042-4D5F-AD17-02DB61FC90B7}.Release Static|Win32.ActiveCfg = Release|Win32
		{8982E220-3042-4D5F-AD17-02DB61FC90B7}.Release Static|Win32.Build.0 = Release|Win32
		{8982E220-3042-4D5F-AD17-02DB61FC90B7}.Release Unicode|Win32.ActiveCfg = Release|Win32
		{8982E220-3042-4D5F-AD17-02DB61FC90B7}.Release Unicode|Win32.Build.0 = Release|Win32
		{8982E220-3042-4D5F-AD17-02DB61FC90B7}.Release|Win32.ActiveCfg = Release|Win32
		{8982E220-3042-4D5F-AD17-02DB61FC90B7}.Release|Win32.Build.0 = Release|Win32
		{914D0749-B9BA-40CD-9E84-41A68786848A}.Debug DLL|Win32.ActiveCfg = Debug|Win32
		{914D0749-B9BA-40CD-9E84-41A68786848A}.Debug DLL|Win32.Build.0 = Debug|Win32
		{914D0749-B9BA-40CD-9E84-41A68786848A}.Debug No Type Info Name|Win32.ActiveCfg = Debug Unicode|Win32
		{914D0749-B9BA-40CD-9E84-41A68786848A}.Debug No Type Info Name|Win32.Build.0 = Debug Unicode|Win32
		{914D0749-B9BA-40CD-9E84-41A68786848A}.Debug NtTimer|Win32.ActiveCfg = Debug Unicode|Win32
		{914D0749-B9BA-40CD-9E84-41A68786848A}.Debug NtTimer|Win32.Build.0 = Debug Unicode|Win32
		{914D0749-B9BA-40CD-9E84-41A68786848A}.Debug Static|Win32.ActiveCfg = Debug Unicode|Win32
		{914D0749-B9BA-40CD-9E84-41A68786848A}.Debug Static|Win32.Build.0 = Debug Unicode|Win32
		{914D0749-B9BA-40CD-9E84-41A68786848A}.Debug Unicode|Win32.ActiveCfg = Debug Unicode|Win32
		{914D0749-B9BA-40CD-9E84-41A68786848A}.Debug Unicode|Win32.Build.0 = Debug Unicode|Win32
		{914D0749-B9BA-40CD-9E84-41A68786848A}.Debug|Win32.ActiveCfg = Debug|Win32
		{914D0749-B9BA-40CD-9E84-41A68786848A}.Debug|Win32.Build.0 = Debug|Win32
		{914D0749-B9BA-40CD-9E84-41A68786848A}.Release DLL|Win32.ActiveCfg = Release Unicode|Win32
		{914D0749-B9BA-40CD-9E84-41A68786848A}.Release DLL|Win32.Build.0 = Release Unicode|Win32
		{914D0749-B9BA-40CD-9E84-41A68786848A}.Release Static|Win32.ActiveCfg = Release Unicode|Win32
		{914D0749-B9BA-40CD-9E84-41A68786848A}.Release Static|Win32.Build.0 = Release Unicode|Win32
		{914D0749-B9BA-40CD-9E84-41A68786848A}.Release Unicode|Win32.ActiveCfg = Release Unicode|Win32
		{914D0749-B9BA-40CD-9E84-41A68786848A}.Release Unicode|Win32.Build.0 = Release Unicode|Win32
		{914D0749-B9BA-40CD-9E84-41A68786848A}.Release|Win32.ActiveCfg = Release|Win32
		{914D0749-B9BA-40CD-9E84-41A68786848A}.Release|Win32.Build.0 = Release|Win32
		{9E6FC828-023C-4776-9EF1-6FEB45B88BF4}.Debug DLL|Win32.ActiveCfg = Debug|Win32
		{9E6FC828-023C-4776-9EF1-6FEB45B88BF4}.Debug DLL|Win32.Build.0 = Debug|Win32
		{9E6FC828-023C-4776-9EF1-6FEB45B88BF4}.Debug No Type Info Name|Win32.ActiveCfg = Debug|Win32
		{9E6FC828-023C-4776-9EF1-6FEB45B88BF4}.Debug No Type Info Name|Win32.Build.0 = Debug|Win32
		{9E6FC828-023C-4776-9EF1-6FEB45B88BF4}.Debug NtTimer|Win32.ActiveCfg = Debug|Win32
		{9E6FC828-023C-4776-9EF1-6FEB45B88BF4}.Debug NtTimer|Win32.Build.0 = Debug|Win32
		{9E6FC828-023C-4776-9EF1-6FEB45B88BF4}.Debug Static|Win32.ActiveCfg = Debug|Win32
		{9E6FC828-023C-4776-9EF1-6FEB45B88BF4}.Debug Static|Win32.Build.0 = Debug|Win32
		{9E6FC828-023C-4776-9EF1-6FEB45B88BF4}.Debug Unicode|Win32.ActiveCfg = Debug|Win32
		{9E6FC828-023C-4776-9EF1-6FEB45B88BF4}.Debug Unicode|Win32.Build.0 = Debug|Win32
		{9E6FC828-023C-4776-9EF1-6FEB45B88BF4}.Debug|Win32.ActiveCfg = Debug|Win32
		{9E6FC828-023C-4776-9EF1-6FEB45B88BF4}.Debug|Win32.Build.0 = Debug|Win32
		{9E6FC828-023C-4776-9EF1-6FEB45B88BF4}.Release DLL|Win32.ActiveCfg = Release|Win32
		{9E6FC828-023C-4776-9EF1-6FEB45B88BF4}.Release DLL|Win32.Build.0 = Release|Win32
		{9E6FC828-023C-4776-9EF1-6FEB45B88BF4}.Release Static|Win32.ActiveCfg = Release|Win32
		{9E6FC828-023C-4776-9EF1-6FEB45B88BF4}.Release Static|Win32.Build.0 = Release|Win32
		{9E6FC828-023C-4776-9EF1-6FEB45B88BF4}.Release Unicode|Win32.ActiveCfg = Release|Win32
		{9E6FC828-023C-4776-9EF1-6FEB45B88BF4}.Release Unicode|Win32.Build.0 = Release|Win32
		{9E6FC828-023C-4776-9EF1-6FEB45B88BF4}.Release|Win32.ActiveCfg = Release|Win32
		{9E6FC828-023C-4776-9EF1-6FEB45B88BF4}.Release|Win32.Build.0 = Release|Win32
		{6407D1BA-0C4D-4903-8BE8-728547FE1BBE}.Debug DLL|Win32.ActiveCfg = Debug|Win32
		{6407D1BA-0C4D-4903-8BE8-728547FE1BBE}.Debug DLL|Win32.Build.0 = Debug|Win32
		{6407D1BA-0C4D-4903-8BE8-728547FE1BBE}.Debug No Type Info Name|Win32.ActiveCfg = Debug|Win32
		{6407D1BA-0C4D-4903-8BE8-728547FE1BBE}.Debug No Type Info Name|Win32.Build.0 = Debug|Win32
		{6407D1BA-0C4D-4903-8BE8-728547FE1BBE}.Debug NtTimer|Win32.ActiveCfg = Debug|Win32
		{6407D1BA-0C4D-4903-8BE8-728547FE1BBE}.Debug NtTimer|Win32.Build.0 = Debug|Win32
		{6407D1BA-0C4D-4903-8BE8-728547FE1BBE}.Debug Static|Win32.ActiveCfg = Debug|Win32
		{6407D1BA-0C4D-4903-8BE8-728547FE1BBE}.Debug Static|Win32.Build.0 = Debug|Win32
		{6407D1BA-0C4D-4903-8BE8-728547FE1BBE}.Debug Unicode|Win32.ActiveCfg = Debug|Win32
		{6407D1BA-0C4D-4903-8BE8-728547FE1BBE}.Debug Unicode|Win32.Build.0 = Debug|Win32
		{6407D1BA-0C4D-4903-8BE8-728547FE1BBE}.Debug|Win32.ActiveCfg = Debug|Win32
		{6407D1BA-0C4D-4903-8BE8-728547FE1BBE}.Debug|Win32.Build.0 = Debug|Win32
		{6407D1BA-0C4D-4903-8BE8-728547FE1BBE}.Release DLL|Win32.ActiveCfg = Release|Win32
		{6407D1BA-0C4D-4903-8BE8-728547FE1BBE}.Release DLL|Win32.Build.0 = Release|Win32
		{6407D1BA-0C4D-4903-8BE8-728547FE1BBE}.Release Static|Win32.ActiveCfg = Release|Win32
		{6407D1BA-0C4D-4903-8BE8-728547FE1BBE}.Release Static|Win32.Build.0 = Release|Win32
		{6407D1BA-0C4D-4903-8BE8-728547FE1BBE}.Release Unicode|Win32.ActiveCfg = Release|Win32
		{6407D1BA-0C4D-4903-8BE8-728547FE1BBE}.Release Unicode|Win32.Build.0 = Release|Win32
		{6407D1BA-0C4D-4903-8BE8-728547FE1BBE}.Release|Win32.ActiveCfg = Release|Win32
		{6407D1BA-0C4D-4903-8BE8-728547FE1BBE}.Release|Win32.Build.0 = Release|Win32
		{41BD2F8C-3810-4C31-B7A5-6B33FFF3ED01}.Debug DLL|Win32.ActiveCfg = Debug|Win32
		{41BD2F8C-3810-4C31-B7A5-6B33FFF3ED01}.Debug DLL|Win32.Build.0 = Debug|Win32
		{41BD2F8C-3810-4C31-B7A5-6B33FFF3ED01}.Debug No Type Info Name|Win32.ActiveCfg = Debug|Win32
		{41BD2F8C-3810-4C31-B7A5-6B33FFF3ED01}.Debug No Type Info Name|Win32.Build.0 = Debug|Win32
		{41BD2F8C-3810-4C31-B7A5-6B33FFF3ED01}.Debug NtTimer|Win32.ActiveCfg = Debug|Win32
		{41BD2F8C-3810-4C31-B7A5-6B33FFF3ED01}.Debug NtTimer|Win32.Build.0 = Debug|Win32
		{41BD2F8C-3810-4C31-B7A5-6B33FFF3ED01}.Debug Static|Win32.ActiveCfg = Debug|Win32
		{41BD2F8C-3810-4C31-B7A5-6B33FFF3ED01}.Debug Static|Win32.Build.0 = Debug|Win32
		{41BD2F8C-3810-4C31-B7A5-6B33FFF3ED01}.Debug Unicode|Win32.ActiveCfg = Debug|Win32
		{41BD2F8C-3810-4C31-B7A5-6B33FFF3ED01}.Debug Unicode|Win32.Build.0 = Debug|Win32
		{41BD2F8C-3810-4C31-B7A5-6B33FFF3ED01}.Debug|Win32.ActiveCfg = Debug|Win32
		{41BD2F8C-3810-4C31-B7A5-6B33FFF3ED01}.Debug|Win32.Build.0 = Debug|Win32
		{41BD2F8C-3810-4C31-B7A5-6B33FFF3ED01}.Release DLL|Win32.ActiveCfg = Release|Win32
		{41BD2F8C-3810-4C31-B7A5-6B33FFF3ED01}.Release DLL|Win32.Build.0 = Release|Win32
		{41BD2F8C-3810-4C31-B7A5-6B33FFF3ED01}.Release Static|Win32.ActiveCfg = Release|Win32
		{41BD2F8C-3810-4C31-B7A5-6B33FFF3ED01}.Release Static|Win32.Build.0 = Release|Win32
		{41BD2F8C-3810-4C31-B7A5-6B33FFF3ED01}.Release Unicode|Win32.ActiveCfg = Release|Win32
		{41BD2F8C-3810-4C31-B7A5-6B33FFF3ED01}.Release Unicode|Win32.Build.0 = Release|Win32
		{41BD2F8C-3810-4C31-B7A5-6B33FFF3ED01}.Release|Win32.ActiveCfg = Release|Win32
		{41BD2F8C-3810-4C31-B7A5-6B33FFF3ED01}.Release|Win32.Build.0 = Release|Win32
		{857ECDC1-47DF-40F5-AC08-53F936D1A3A3}.Debug DLL|Win32.ActiveCfg = Debug|Win32
		{857ECDC1-47DF-40F5-AC08-53F936D1A3A3}.Debug DLL|Win32.Build.0 = Debug|Win32
		{857ECDC1-47DF-40F5-AC08-53F936D1A3A3}.Debug No Type Info Name|Win32.ActiveCfg = Debug|Win32
		{857ECDC1-47DF-40F5-AC08-53F936D1A3A3}.Debug No Type Info Name|Win32.Build.0 = Debug|Win32
		{857ECDC1-47DF-40F5-AC08-53F936D1A3A3}.Debug NtTimer|Win32.ActiveCfg = Debug|Win32
		{857ECDC1-47DF-40F5-AC08-53F936D1A3A3}.Debug NtTimer|Win32.Build.0 = Debug|Win32
		{857ECDC1-47DF-40F5-AC08-53F936D1A3A3}.Debug Static|Win32.ActiveCfg = Debug|Win32
		{857ECDC1-47DF-40F5-AC08-53F936D1A3A3}.Debug Static|Win32.Build.0 = Debug|Win32
		{857ECDC1-47DF-40F5-AC08-53F936D1A3A3}.Debug Unicode|Win32.ActiveCfg = Debug|Win32
		{857ECDC1-47DF-40F5-AC08-53F936D1A3A3}.Debug Unicode|Win32.Build.0 = Debug|Win32
		{857ECDC1-47DF-40F5-AC08-53F936D1A3A3}.Debug|Win32.ActiveCfg = Debug|Win32
		{857ECDC1-47DF-40F5-AC08-53F936D1A3A3}.Debug|Win32.Build.0 = Debug|Win32
		{857ECDC1-47DF-40F5-AC08-53F936D1A3A3}.Release DLL|Win32.ActiveCfg = Release|Win32
		{857ECDC1-47DF-40F5-AC08-53F936D1A3A3}.Release DLL|Win32.Build.0 = Release|Win32
		{857ECDC1-47DF-40F5-AC08-53F936D1A3A3}.Release Static|Win32.ActiveCfg = Release|Win32
		{857ECDC1-47DF-40F5-AC08-53F936D1A3A3}.Release Static|Win32.Build.0 = Release|Win32
		{857ECDC1-47DF-40F5-AC08-53F936D1A3A3}.Release Unicode|Win32.ActiveCfg = Release|Win32
		{857ECDC1-47DF-40F5-AC08-53F936D1A3A3}.Release Unicode|Win32.Build.0 = Release|Win32
		{857ECDC1-47DF-40F5-AC08-53F936D1A3A3}.Release|Win32.ActiveCfg = Release|Win32
		{857ECDC1-47DF-40F5-AC08-53F936D1A3A3}.Release|Win32.Build.0 = Release|Win32
		{D1074F87-739A-4990-8D7A-29CE3D07E6EB}.Debug DLL|Win32.ActiveCfg = Debug|Win32
		{D1074F87-739A-4990-8D7A-29CE3D07E6EB}.Debug DLL|Win32.Build.0 = Debug|Win32
		{D1074F87-739A-4990-8D7A-29CE3D07E6EB}.Debug No Type Info Name|Win32.ActiveCfg = Debug|Win32
		{D1074F87-739A-4990-8D7A-29CE3D07E6EB}.Debug No Type Info Name|Win32.Build.0 = Debug|Win32
		{D1074F87-739A-4990-8D7A-29CE3D07E6EB}.Debug NtTimer|Win32.ActiveCfg = Debug|Win32
		{D1074F87-739A-4990-8D7A-29CE3D07E6EB}.Debug NtTimer|Win32.Build.0 = Debug|Win32
		{D1074F87-739A-4990-8D7A-29CE3D07E6EB}.Debug Static|Win32.ActiveCfg = Debug|Win32
		{D1074F87-739A-4990-8D7A-29CE3D07E6EB}.Debug Static|Win32.Build.0 = Debug|Win32
		{D1074F87-739A-4990-8D7A-29CE3D07E6EB}.Debug Unicode|Win32.ActiveCfg = Debug|Win32
		{D1074F87-739A-4990-8D7A-29CE3D07E6EB}.Debug Unicode|Win32.Build.0 = Debug|Win32
		{D1074F87-739A-4990-8D7A-29CE3D07E6EB}.Debug|Win32.ActiveCfg = Debug|Win32
		{D1074F87-739A-4990-8D7A-29CE3D07E6EB}.Debug|Win32.Build.0 = Debug|Win32
		{D1074F87-739A-4990-8D7A-29CE3D07E6EB}.Release DLL|Win32.ActiveCfg = Release|Win32
		{D1074F87-739A-4990-8D7A-29CE3D07E6EB}.Release DLL|Win32.Build.0 = Release|Win32
		{D1074F87-739A-4990-8D7A-29CE3D07E6EB}.Release Static|Win32.ActiveCfg = Release|Win32
		{D1074F87-739A-4990-8D7A-29CE3D07E6EB}.Release Static|Win32.Build.0 = Release|Win32
		{D1074F87-739A-4990-8D7A-29CE3D07E6EB}.Release Unicode|Win32.ActiveCfg = Release|Win32
		{D1074F87-739A-4990-8D7A-29CE3D07E6EB}.Release Unicode|Win32.Build.0 = Release|Win32
		{D1074F87-739A-4990-8D7A-29CE3D07E6EB}.Release|Win32.ActiveCfg = Release|Win32
		{D1074F87-739A-4990-8D7A-29CE3D07E6EB}.Release|Win32.Build.0 = Release|Win32
		{71F48C20-FDD7-437F-983C-8C4606D14D59}.Debug DLL|Win32.ActiveCfg = Debug|Win32
		{71F48C20-FDD7-437F-983C-8C4606D14D59}.Debug DLL|Win32.Build.0 = Debug|Win32
		{71F48C20-FDD7-437F-983C-8C4606D14D59}.Debug No Type Info Name|Win32.ActiveCfg = Debug|Win32
		{71F48C20-FDD7-437F-983C-8C4606D14D59}.Debug No Type Info Name|Win32.Build.0 = Debug|Win32
		{71F48C20-FDD7-437F-983C-8C4606D14D59}.Debug NtTimer|Win32.ActiveCfg = Debug|Win32
		{71F48C20-FDD7-437F-983C-8C4606D14D59}.Debug NtTimer|Win32.Build.0 = Debug|Win32
		{71F48C20-FDD7-437F-983C-8C4606D14D59}.Debug Static|Win32.ActiveCfg = Debug|Win32
		{71F48C20-FDD7-437F-983C-8C4606D14D59}.Debug Static|Win32.Build.0 = Debug|Win32
		{71F48C20-FDD7-437F-983C-8C4606D14D59}.Debug Unicode|Win32.ActiveCfg = Debug|Win32
		{71F48C20-FDD7-437F-983C-8C4606D14D59}.Debug Unicode|Win32.Build.0 = Debug|Win32
		{71F48C20-FDD7-437F-983C-8C4606D14D59}.Debug|Win32.ActiveCfg = Debug|Win32
		{71F48C20-FDD7-437F-983C-8C4606D14D59}.Debug|Win32.Build.0 = Debug|Win32
		{71F48C20-FDD7-437F-983C-8C4606D14D59}.Release DLL|Win32.ActiveCfg = Release|Win32
		{71F48C20-FDD7-437F-983C-8C4606D14D59}.Release DLL|Win32.Build.0 = Release|Win32
		{71F48C20-FDD7-437F-983C-8C4606D14D59}.Release Static|Win32.ActiveCfg = Release|Win32
		{71F48C20-FDD7-437F-983C-8C4606D14D59}.Release Static|Win32.Build.0 = Release|Win32
		{71F48C20-FDD7-437F-983C-8C4606D14D59}.Release Unicode|Win32.ActiveCfg = Release|Win32
		{71F48C20-FDD7-437F-983C-8C4606D14D59}.Release Unicode|Win32.Build.0 = Release|Win32
		{71F48C20-FDD7-437F-983C-8C4606D14D59}.Release|Win32.ActiveCfg = Release|Win32
		{71F48C20-FDD7-437F-983C-8C4606D14D59}.Release|Win32.Build.0 = Release|Win32
	EndGlobalSection
	GlobalSection(SolutionProperties) = preSolution
		HideSolutionNode = FALSE
	EndGlobalSection
EndGlobal
