{
    "version": "0.5",
    "requires": [
        "zlib/1.2.13#e377bee636333ae348d51ca90874e353%1682597484.674",
        "rapidjson/cci.20220822#8ca51918340f3a21127822258e95ec0f%1663194355.698",
        "openssl/3.0.8#394c3c3c0d0d64b9574621b98b7bcda3%1679506620.062",
        "oniguruma/6.9.8#d5513a453b3c448cc90e5260b908c0cb%1676146218.022",
        "nlohmann_json/3.9.1#33f50d6c2d838fa96496e4a63737a770%1666619820.415",
        "mruby/3.2.0#0e32f59854140cf3c50f3c723ae954bd%1683531627.055132",
        "mqtt_cpp/13.1.0#745bd468b7493340b0c9af2b50fec6ee%1683531626.87973",
        "libxml2/2.10.3#1cbaf81341e07fcb0e61dadee882a193%1678328553.703",
        "libiconv/1.17#fa54397801cd96911a8294bc5fc76335%1675449822.495",
        "libbacktrace/cci.20210118#ec1aa63bbc10145c6a299e68e711670c%1676205469.545",
        "gtest/1.10.0#d4f6c05c3724a07e5fc5b05a634ddbe8%1676412513.901",
        "date/2.4.1#feee700075047c76e42ab9ce8c243c22%1682165770.506",
        "bzip2/1.0.8#411fc05e80d47a89045edc1ee6f23c1d%1678293522.814",
        "boost/1.79.0#ef4c89b73ce5d4507e1d764fcebf3bd2%1682803252.015"
    ],
    "build_requires": [
        "cmake/3.26.3#3c10902b72a4fa0c6eae5ff4575698aa%1682759265.62",
        "b2/4.9.6#2e02945ad41739b8051247d14fe8297d%1679927934.674"
    ],
    "python_requires": []
}